
Microsoft Visual Studio Solution File, Format Version 12.00
# Visual Studio Version 16
VisualStudioVersion = 16.0.30517.126
MinimumVisualStudioVersion = 10.0.40219.1
Project("{FAE04EC0-301F-11D3-BF4B-00C04F79EFBC}") = "ConsoleApp16", "ConsoleApp16\ConsoleApp16.csproj", "{E5EF3AAE-DFF7-4450-A570-70103ADBF180}"
EndProject
Global
	GlobalSection(SolutionConfigurationPlatforms) = preSolution
		Debug|Any CPU = Debug|Any CPU
		Release|Any CPU = Release|Any CPU
	EndGlobalSection
	GlobalSection(ProjectConfigurationPlatforms) = postSolution
		{E5EF3AAE-DFF7-4450-A570-70103ADBF180}.Debug|Any CPU.ActiveCfg = Debug|Any CPU
		{E5EF3AAE-DFF7-4450-A570-70103ADBF180}.Debug|Any CPU.Build.0 = Debug|Any CPU
		{E5EF3AAE-DFF7-4450-A570-70103ADBF180}.Release|Any CPU.ActiveCfg = Release|Any CPU
		{E5EF3AAE-DFF7-4450-A570-70103ADBF180}.Release|Any CPU.Build.0 = Release|Any CPU
	EndGlobalSection
	GlobalSection(SolutionProperties) = preSolution
		HideSolutionNode = FALSE
	EndGlobalSection
	GlobalSection(ExtensibilityGlobals) = postSolution
		SolutionGuid = {E921FAB0-0675-4312-92FE-D9A9114DAA05}
	EndGlobalSection
EndGlobal
